// !$*UTF8*$!
{
	archiveVersion = 1;
	classes = {
	};
	objectVersion = 50;
	objects = {

/* Begin PBXBuildFile section */
		05CF944F4D5D90A48FF1FB4F /* Pods_WeiBoSwift.framework in Frameworks */ = {isa = PBXBuildFile; fileRef = 566693D0D2DE9119FD8E6BBC /* Pods_WeiBoSwift.framework */; };
		1B067D30224E0A7B00C9F764 /* HttpTools.swift in Sources */ = {isa = PBXBuildFile; fileRef = 1B067D2F224E0A7B00C9F764 /* HttpTools.swift */; };
		1B15E8D6224DE8D300EBE6A7 /* PicPickerView.swift in Sources */ = {isa = PBXBuildFile; fileRef = 1B15E8D5224DE8D300EBE6A7 /* PicPickerView.swift */; };
		1B15E8D8224DEB8600EBE6A7 /* ComposeTitleView.swift in Sources */ = {isa = PBXBuildFile; fileRef = 1B15E8D7224DEB8600EBE6A7 /* ComposeTitleView.swift */; };
		1B15E8DA224DED6900EBE6A7 /* ComposeTextView.swift in Sources */ = {isa = PBXBuildFile; fileRef = 1B15E8D9224DED6900EBE6A7 /* ComposeTextView.swift */; };
		1B15E8DD224DEEB800EBE6A7 /* ComposeController.swift in Sources */ = {isa = PBXBuildFile; fileRef = 1B15E8DB224DEEB800EBE6A7 /* ComposeController.swift */; };
		1B15E8DE224DEEB800EBE6A7 /* ComposeController.xib in Resources */ = {isa = PBXBuildFile; fileRef = 1B15E8DC224DEEB800EBE6A7 /* ComposeController.xib */; };
		1B18D08C2241E266002F56F6 /* Common.swift in Sources */ = {isa = PBXBuildFile; fileRef = 1B18D08B2241E266002F56F6 /* Common.swift */; };
		1B18D08E2241E2CF002F56F6 /* NetworkTools.swift in Sources */ = {isa = PBXBuildFile; fileRef = 1B18D08D2241E2CF002F56F6 /* NetworkTools.swift */; };
		1B18D09022422D30002F56F6 /* PicCollectionView.swift in Sources */ = {isa = PBXBuildFile; fileRef = 1B18D08F22422D30002F56F6 /* PicCollectionView.swift */; };
		1B1BFBC222301E4D0074C61E /* Message.storyboard in Resources */ = {isa = PBXBuildFile; fileRef = 1B1BFBC022301E4D0074C61E /* Message.storyboard */; };
		1B1BFBC422301E620074C61E /* Discover.storyboard in Resources */ = {isa = PBXBuildFile; fileRef = 1B1BFBC322301E620074C61E /* Discover.storyboard */; };
		1B1BFBC722301E780074C61E /* Profile.storyboard in Resources */ = {isa = PBXBuildFile; fileRef = 1B1BFBC522301E780074C61E /* Profile.storyboard */; };
		1B438A09224886FE006B1F75 /* PhotoBrowserController.swift in Sources */ = {isa = PBXBuildFile; fileRef = 1B438A08224886FE006B1F75 /* PhotoBrowserController.swift */; };
		1B438A0B2248A388006B1F75 /* PhotoBrowserViewCell.swift in Sources */ = {isa = PBXBuildFile; fileRef = 1B438A0A2248A388006B1F75 /* PhotoBrowserViewCell.swift */; };
		1B438A0D2248A616006B1F75 /* ProgressView.swift in Sources */ = {isa = PBXBuildFile; fileRef = 1B438A0C2248A616006B1F75 /* ProgressView.swift */; };
		1B5C8C8B222EAAB60042F017 /* AppDelegate.swift in Sources */ = {isa = PBXBuildFile; fileRef = 1B5C8C8A222EAAB60042F017 /* AppDelegate.swift */; };
		1B5C8C90222EAAB60042F017 /* Main.storyboard in Resources */ = {isa = PBXBuildFile; fileRef = 1B5C8C8E222EAAB60042F017 /* Main.storyboard */; };
		1B5C8C92222EAAB70042F017 /* Assets.xcassets in Resources */ = {isa = PBXBuildFile; fileRef = 1B5C8C91222EAAB70042F017 /* Assets.xcassets */; };
		1B5C8C95222EAAB70042F017 /* LaunchScreen.storyboard in Resources */ = {isa = PBXBuildFile; fileRef = 1B5C8C93222EAAB70042F017 /* LaunchScreen.storyboard */; };
		1B5C8C9E222EC1980042F017 /* MainTabBarController.swift in Sources */ = {isa = PBXBuildFile; fileRef = 1B5C8C9D222EC1980042F017 /* MainTabBarController.swift */; };
		1B5C8CA4222EC2DE0042F017 /* HomeController.swift in Sources */ = {isa = PBXBuildFile; fileRef = 1B5C8CA3222EC2DE0042F017 /* HomeController.swift */; };
		1B5C8CA6222EC42B0042F017 /* MessageController.swift in Sources */ = {isa = PBXBuildFile; fileRef = 1B5C8CA5222EC42B0042F017 /* MessageController.swift */; };
		1B5C8CA8222EC4370042F017 /* DiscorverController.swift in Sources */ = {isa = PBXBuildFile; fileRef = 1B5C8CA7222EC4370042F017 /* DiscorverController.swift */; };
		1B5C8CAA222EC4420042F017 /* ProfileController.swift in Sources */ = {isa = PBXBuildFile; fileRef = 1B5C8CA9222EC4420042F017 /* ProfileController.swift */; };
		1B6811A7224CC16300E168A0 /* PicPickerCell.swift in Sources */ = {isa = PBXBuildFile; fileRef = 1B6811A5224CC16300E168A0 /* PicPickerCell.swift */; };
		1B6811A8224CC16300E168A0 /* PicPickerCell.xib in Resources */ = {isa = PBXBuildFile; fileRef = 1B6811A6224CC16300E168A0 /* PicPickerCell.xib */; };
		1B7476972243B1E8008C78AC /* RELabel.swift in Sources */ = {isa = PBXBuildFile; fileRef = 1B7476962243B1E8008C78AC /* RELabel.swift */; };
		1B92CDAD22355F68005B438F /* UIBarButtonItem-Extension.swift in Sources */ = {isa = PBXBuildFile; fileRef = 1B92CDAC22355F68005B438F /* UIBarButtonItem-Extension.swift */; };
		1B92CDAF22356050005B438F /* TitleButton.swift in Sources */ = {isa = PBXBuildFile; fileRef = 1B92CDAE22356050005B438F /* TitleButton.swift */; };
		1B92CDB3223562F0005B438F /* PopoverController.swift in Sources */ = {isa = PBXBuildFile; fileRef = 1B92CDB1223562F0005B438F /* PopoverController.swift */; };
		1B92CDB4223562F0005B438F /* PopoverController.xib in Resources */ = {isa = PBXBuildFile; fileRef = 1B92CDB2223562F0005B438F /* PopoverController.xib */; };
		1B92CDB62235F666005B438F /* MyPresentationController.swift in Sources */ = {isa = PBXBuildFile; fileRef = 1B92CDB52235F666005B438F /* MyPresentationController.swift */; };
		1B92CDBA22376595005B438F /* PopoverAnimator.swift in Sources */ = {isa = PBXBuildFile; fileRef = 1B92CDB922376595005B438F /* PopoverAnimator.swift */; };
		1B93844822333D5A000FDA4F /* BaseController.swift in Sources */ = {isa = PBXBuildFile; fileRef = 1B93844722333D5A000FDA4F /* BaseController.swift */; };
		1B93844A22334001000FDA4F /* VisitorView.swift in Sources */ = {isa = PBXBuildFile; fileRef = 1B93844922334001000FDA4F /* VisitorView.swift */; };
		1B93844C2233400C000FDA4F /* VisitorView.xib in Resources */ = {isa = PBXBuildFile; fileRef = 1B93844B2233400C000FDA4F /* VisitorView.xib */; };
		1B93845022334A32000FDA4F /* UIButton-Extension.swift in Sources */ = {isa = PBXBuildFile; fileRef = 1B93844F22334A32000FDA4F /* UIButton-Extension.swift */; };
		1B9407852248ADB3009515CD /* PhotoBrowserAnimator.swift in Sources */ = {isa = PBXBuildFile; fileRef = 1B9407842248ADB3009515CD /* PhotoBrowserAnimator.swift */; };
		1B9DF6F122324DAB00CF0C28 /* Null.storyboard in Resources */ = {isa = PBXBuildFile; fileRef = 1B9DF6F022324DAB00CF0C28 /* Null.storyboard */; };
		1BA51373223093DE00636A70 /* Home.storyboard in Resources */ = {isa = PBXBuildFile; fileRef = 1BA51371223093DE00636A70 /* Home.storyboard */; };
		1BF49DE52242340F009C22FA /* Status.swift in Sources */ = {isa = PBXBuildFile; fileRef = 1BF49DE42242340F009C22FA /* Status.swift */; };
		1BF49DE72242345A009C22FA /* User.swift in Sources */ = {isa = PBXBuildFile; fileRef = 1BF49DE62242345A009C22FA /* User.swift */; };
		1BF49DE9224235D7009C22FA /* StatusViewModel.swift in Sources */ = {isa = PBXBuildFile; fileRef = 1BF49DE8224235D7009C22FA /* StatusViewModel.swift */; };
		1BF49DED22423907009C22FA /* Date-Extension.swift in Sources */ = {isa = PBXBuildFile; fileRef = 1BF49DEC22423907009C22FA /* Date-Extension.swift */; };
		1BF49DF0224269B8009C22FA /* URL.swift in Sources */ = {isa = PBXBuildFile; fileRef = 1BF49DEF224269B8009C22FA /* URL.swift */; };
		1BF49DF322432A90009C22FA /* UserAccountViewModel.swift in Sources */ = {isa = PBXBuildFile; fileRef = 1BF49DF222432A90009C22FA /* UserAccountViewModel.swift */; };
		1BF49DF522432D4E009C22FA /* UserAccount.swift in Sources */ = {isa = PBXBuildFile; fileRef = 1BF49DF422432D4E009C22FA /* UserAccount.swift */; };
		1BF49DF822432D59009C22FA /* OAuthViewController.swift in Sources */ = {isa = PBXBuildFile; fileRef = 1BF49DF622432D58009C22FA /* OAuthViewController.swift */; };
		1BF49DF922432D59009C22FA /* OAuthViewController.xib in Resources */ = {isa = PBXBuildFile; fileRef = 1BF49DF722432D58009C22FA /* OAuthViewController.xib */; };
		1BF49DFD224357E5009C22FA /* WelcomeController.swift in Sources */ = {isa = PBXBuildFile; fileRef = 1BF49DFB224357E5009C22FA /* WelcomeController.swift */; };
		1BF49DFE224357E5009C22FA /* WelcomeController.xib in Resources */ = {isa = PBXBuildFile; fileRef = 1BF49DFC224357E5009C22FA /* WelcomeController.xib */; };
		1BF49E0022437B9D009C22FA /* HomeViewCell.swift in Sources */ = {isa = PBXBuildFile; fileRef = 1BF49DFF22437B9D009C22FA /* HomeViewCell.swift */; };
		1BFA062E224A22D400999F5F /* EmotionAttachment.swift in Sources */ = {isa = PBXBuildFile; fileRef = 1BFA062D224A22D400999F5F /* EmotionAttachment.swift */; };
		1BFA0630224A234500999F5F /* EmotionController.swift in Sources */ = {isa = PBXBuildFile; fileRef = 1BFA062F224A234500999F5F /* EmotionController.swift */; };
		1BFA0633224A262900999F5F /* Emotion.swift in Sources */ = {isa = PBXBuildFile; fileRef = 1BFA0632224A262800999F5F /* Emotion.swift */; };
		1BFA0635224B029000999F5F /* EmotionManager.swift in Sources */ = {isa = PBXBuildFile; fileRef = 1BFA0634224B029000999F5F /* EmotionManager.swift */; };
		1BFA0637224B02CC00999F5F /* EmotionPackage.swift in Sources */ = {isa = PBXBuildFile; fileRef = 1BFA0636224B02CC00999F5F /* EmotionPackage.swift */; };
		1BFA0639224B059800999F5F /* Emoticons.bundle in Resources */ = {isa = PBXBuildFile; fileRef = 1BFA0638224B059700999F5F /* Emoticons.bundle */; };
		1BFA063B224B07BB00999F5F /* UITextView+Extension.swift in Sources */ = {isa = PBXBuildFile; fileRef = 1BFA063A224B07BB00999F5F /* UITextView+Extension.swift */; };
		1BFA063D224B0E2500999F5F /* FindEmotion.swift in Sources */ = {isa = PBXBuildFile; fileRef = 1BFA063C224B0E2500999F5F /* FindEmotion.swift */; };
		1BFA063F224B0EDF00999F5F /* EmotionViewCell.swift in Sources */ = {isa = PBXBuildFile; fileRef = 1BFA063E224B0EDF00999F5F /* EmotionViewCell.swift */; };
/* End PBXBuildFile section */

/* Begin PBXFileReference section */
		1B067D2F224E0A7B00C9F764 /* HttpTools.swift */ = {isa = PBXFileReference; lastKnownFileType = sourcecode.swift; path = HttpTools.swift; sourceTree = "<group>"; };
		1B15E8D5224DE8D300EBE6A7 /* PicPickerView.swift */ = {isa = PBXFileReference; lastKnownFileType = sourcecode.swift; path = PicPickerView.swift; sourceTree = "<group>"; };
		1B15E8D7224DEB8600EBE6A7 /* ComposeTitleView.swift */ = {isa = PBXFileReference; lastKnownFileType = sourcecode.swift; path = ComposeTitleView.swift; sourceTree = "<group>"; };
		1B15E8D9224DED6900EBE6A7 /* ComposeTextView.swift */ = {isa = PBXFileReference; lastKnownFileType = sourcecode.swift; path = ComposeTextView.swift; sourceTree = "<group>"; };
		1B15E8DB224DEEB800EBE6A7 /* ComposeController.swift */ = {isa = PBXFileReference; lastKnownFileType = sourcecode.swift; path = ComposeController.swift; sourceTree = "<group>"; };
		1B15E8DC224DEEB800EBE6A7 /* ComposeController.xib */ = {isa = PBXFileReference; lastKnownFileType = file.xib; path = ComposeController.xib; sourceTree = "<group>"; };
		1B18D08B2241E266002F56F6 /* Common.swift */ = {isa = PBXFileReference; lastKnownFileType = sourcecode.swift; path = Common.swift; sourceTree = "<group>"; };
		1B18D08D2241E2CF002F56F6 /* NetworkTools.swift */ = {isa = PBXFileReference; lastKnownFileType = sourcecode.swift; path = NetworkTools.swift; sourceTree = "<group>"; };
		1B18D08F22422D30002F56F6 /* PicCollectionView.swift */ = {isa = PBXFileReference; lastKnownFileType = sourcecode.swift; path = PicCollectionView.swift; sourceTree = "<group>"; };
		1B1BFBC122301E4D0074C61E /* Base */ = {isa = PBXFileReference; lastKnownFileType = file.storyboard; name = Base; path = WeiBoSwift/Base.lproj/Message.storyboard; sourceTree = "<group>"; };
		1B1BFBC322301E620074C61E /* Discover.storyboard */ = {isa = PBXFileReference; fileEncoding = 4; lastKnownFileType = file.storyboard; path = Discover.storyboard; sourceTree = "<group>"; };
		1B1BFBC622301E780074C61E /* Base */ = {isa = PBXFileReference; lastKnownFileType = file.storyboard; name = Base; path = WeiBoSwift/Base.lproj/Profile.storyboard; sourceTree = "<group>"; };
		1B438A08224886FE006B1F75 /* PhotoBrowserController.swift */ = {isa = PBXFileReference; lastKnownFileType = sourcecode.swift; path = PhotoBrowserController.swift; sourceTree = "<group>"; };
		1B438A0A2248A388006B1F75 /* PhotoBrowserViewCell.swift */ = {isa = PBXFileReference; lastKnownFileType = sourcecode.swift; path = PhotoBrowserViewCell.swift; sourceTree = "<group>"; };
		1B438A0C2248A616006B1F75 /* ProgressView.swift */ = {isa = PBXFileReference; lastKnownFileType = sourcecode.swift; path = ProgressView.swift; sourceTree = "<group>"; };
		1B5C8C87222EAAB60042F017 /* WeiBoSwift.app */ = {isa = PBXFileReference; explicitFileType = wrapper.application; includeInIndex = 0; path = WeiBoSwift.app; sourceTree = BUILT_PRODUCTS_DIR; };
		1B5C8C8A222EAAB60042F017 /* AppDelegate.swift */ = {isa = PBXFileReference; lastKnownFileType = sourcecode.swift; path = AppDelegate.swift; sourceTree = "<group>"; };
		1B5C8C8F222EAAB60042F017 /* Base */ = {isa = PBXFileReference; lastKnownFileType = file.storyboard; name = Base; path = Base.lproj/Main.storyboard; sourceTree = "<group>"; };
		1B5C8C91222EAAB70042F017 /* Assets.xcassets */ = {isa = PBXFileReference; lastKnownFileType = folder.assetcatalog; path = Assets.xcassets; sourceTree = "<group>"; };
		1B5C8C94222EAAB70042F017 /* Base */ = {isa = PBXFileReference; lastKnownFileType = file.storyboard; name = Base; path = Base.lproj/LaunchScreen.storyboard; sourceTree = "<group>"; };
		1B5C8C96222EAAB70042F017 /* Info.plist */ = {isa = PBXFileReference; lastKnownFileType = text.plist.xml; path = Info.plist; sourceTree = "<group>"; };
		1B5C8C9D222EC1980042F017 /* MainTabBarController.swift */ = {isa = PBXFileReference; lastKnownFileType = sourcecode.swift; path = MainTabBarController.swift; sourceTree = "<group>"; };
		1B5C8CA3222EC2DE0042F017 /* HomeController.swift */ = {isa = PBXFileReference; lastKnownFileType = sourcecode.swift; path = HomeController.swift; sourceTree = "<group>"; };
		1B5C8CA5222EC42B0042F017 /* MessageController.swift */ = {isa = PBXFileReference; lastKnownFileType = sourcecode.swift; path = MessageController.swift; sourceTree = "<group>"; };
		1B5C8CA7222EC4370042F017 /* DiscorverController.swift */ = {isa = PBXFileReference; lastKnownFileType = sourcecode.swift; path = DiscorverController.swift; sourceTree = "<group>"; };
		1B5C8CA9222EC4420042F017 /* ProfileController.swift */ = {isa = PBXFileReference; lastKnownFileType = sourcecode.swift; path = ProfileController.swift; sourceTree = "<group>"; };
		1B6811A5224CC16300E168A0 /* PicPickerCell.swift */ = {isa = PBXFileReference; lastKnownFileType = sourcecode.swift; path = PicPickerCell.swift; sourceTree = "<group>"; };
		1B6811A6224CC16300E168A0 /* PicPickerCell.xib */ = {isa = PBXFileReference; lastKnownFileType = file.xib; path = PicPickerCell.xib; sourceTree = "<group>"; };
		1B7476962243B1E8008C78AC /* RELabel.swift */ = {isa = PBXFileReference; lastKnownFileType = sourcecode.swift; path = RELabel.swift; sourceTree = "<group>"; };
		1B92CDAC22355F68005B438F /* UIBarButtonItem-Extension.swift */ = {isa = PBXFileReference; lastKnownFileType = sourcecode.swift; path = "UIBarButtonItem-Extension.swift"; sourceTree = "<group>"; };
		1B92CDAE22356050005B438F /* TitleButton.swift */ = {isa = PBXFileReference; lastKnownFileType = sourcecode.swift; path = TitleButton.swift; sourceTree = "<group>"; };
		1B92CDB1223562F0005B438F /* PopoverController.swift */ = {isa = PBXFileReference; lastKnownFileType = sourcecode.swift; path = PopoverController.swift; sourceTree = "<group>"; };
		1B92CDB2223562F0005B438F /* PopoverController.xib */ = {isa = PBXFileReference; lastKnownFileType = file.xib; path = PopoverController.xib; sourceTree = "<group>"; };
		1B92CDB52235F666005B438F /* MyPresentationController.swift */ = {isa = PBXFileReference; lastKnownFileType = sourcecode.swift; path = MyPresentationController.swift; sourceTree = "<group>"; };
		1B92CDB922376595005B438F /* PopoverAnimator.swift */ = {isa = PBXFileReference; lastKnownFileType = sourcecode.swift; path = PopoverAnimator.swift; sourceTree = "<group>"; };
		1B93844722333D5A000FDA4F /* BaseController.swift */ = {isa = PBXFileReference; lastKnownFileType = sourcecode.swift; path = BaseController.swift; sourceTree = "<group>"; };
		1B93844922334001000FDA4F /* VisitorView.swift */ = {isa = PBXFileReference; lastKnownFileType = sourcecode.swift; path = VisitorView.swift; sourceTree = "<group>"; };
		1B93844B2233400C000FDA4F /* VisitorView.xib */ = {isa = PBXFileReference; lastKnownFileType = file.xib; path = VisitorView.xib; sourceTree = "<group>"; };
		1B93844F22334A32000FDA4F /* UIButton-Extension.swift */ = {isa = PBXFileReference; lastKnownFileType = sourcecode.swift; path = "UIButton-Extension.swift"; sourceTree = "<group>"; };
		1B9407842248ADB3009515CD /* PhotoBrowserAnimator.swift */ = {isa = PBXFileReference; lastKnownFileType = sourcecode.swift; path = PhotoBrowserAnimator.swift; sourceTree = "<group>"; };
		1B9DF6F022324DAB00CF0C28 /* Null.storyboard */ = {isa = PBXFileReference; fileEncoding = 4; lastKnownFileType = file.storyboard; path = Null.storyboard; sourceTree = "<group>"; };
		1BA51372223093DE00636A70 /* Base */ = {isa = PBXFileReference; lastKnownFileType = file.storyboard; name = Base; path = WeiBoSwift/Main/Base.lproj/Home.storyboard; sourceTree = "<group>"; };
		1BF49DE42242340F009C22FA /* Status.swift */ = {isa = PBXFileReference; lastKnownFileType = sourcecode.swift; path = Status.swift; sourceTree = "<group>"; };
		1BF49DE62242345A009C22FA /* User.swift */ = {isa = PBXFileReference; lastKnownFileType = sourcecode.swift; path = User.swift; sourceTree = "<group>"; };
		1BF49DE8224235D7009C22FA /* StatusViewModel.swift */ = {isa = PBXFileReference; lastKnownFileType = sourcecode.swift; path = StatusViewModel.swift; sourceTree = "<group>"; };
		1BF49DEC22423907009C22FA /* Date-Extension.swift */ = {isa = PBXFileReference; lastKnownFileType = sourcecode.swift; path = "Date-Extension.swift"; sourceTree = "<group>"; };
		1BF49DEF224269B8009C22FA /* URL.swift */ = {isa = PBXFileReference; lastKnownFileType = sourcecode.swift; path = URL.swift; sourceTree = "<group>"; };
		1BF49DF222432A90009C22FA /* UserAccountViewModel.swift */ = {isa = PBXFileReference; lastKnownFileType = sourcecode.swift; path = UserAccountViewModel.swift; sourceTree = "<group>"; };
		1BF49DF422432D4E009C22FA /* UserAccount.swift */ = {isa = PBXFileReference; lastKnownFileType = sourcecode.swift; path = UserAccount.swift; sourceTree = "<group>"; };
		1BF49DF622432D58009C22FA /* OAuthViewController.swift */ = {isa = PBXFileReference; lastKnownFileType = sourcecode.swift; path = OAuthViewController.swift; sourceTree = "<group>"; };
		1BF49DF722432D58009C22FA /* OAuthViewController.xib */ = {isa = PBXFileReference; lastKnownFileType = file.xib; path = OAuthViewController.xib; sourceTree = "<group>"; };
		1BF49DFB224357E5009C22FA /* WelcomeController.swift */ = {isa = PBXFileReference; lastKnownFileType = sourcecode.swift; path = WelcomeController.swift; sourceTree = "<group>"; };
		1BF49DFC224357E5009C22FA /* WelcomeController.xib */ = {isa = PBXFileReference; lastKnownFileType = file.xib; path = WelcomeController.xib; sourceTree = "<group>"; };
		1BF49DFF22437B9D009C22FA /* HomeViewCell.swift */ = {isa = PBXFileReference; lastKnownFileType = sourcecode.swift; path = HomeViewCell.swift; sourceTree = "<group>"; };
		1BFA062D224A22D400999F5F /* EmotionAttachment.swift */ = {isa = PBXFileReference; lastKnownFileType = sourcecode.swift; path = EmotionAttachment.swift; sourceTree = "<group>"; };
		1BFA062F224A234500999F5F /* EmotionController.swift */ = {isa = PBXFileReference; lastKnownFileType = sourcecode.swift; path = EmotionController.swift; sourceTree = "<group>"; };
		1BFA0632224A262800999F5F /* Emotion.swift */ = {isa = PBXFileReference; lastKnownFileType = sourcecode.swift; path = Emotion.swift; sourceTree = "<group>"; };
		1BFA0634224B029000999F5F /* EmotionManager.swift */ = {isa = PBXFileReference; lastKnownFileType = sourcecode.swift; path = EmotionManager.swift; sourceTree = "<group>"; };
		1BFA0636224B02CC00999F5F /* EmotionPackage.swift */ = {isa = PBXFileReference; lastKnownFileType = sourcecode.swift; path = EmotionPackage.swift; sourceTree = "<group>"; };
		1BFA0638224B059700999F5F /* Emoticons.bundle */ = {isa = PBXFileReference; lastKnownFileType = "wrapper.plug-in"; path = Emoticons.bundle; sourceTree = "<group>"; };
		1BFA063A224B07BB00999F5F /* UITextView+Extension.swift */ = {isa = PBXFileReference; lastKnownFileType = sourcecode.swift; path = "UITextView+Extension.swift"; sourceTree = "<group>"; };
		1BFA063C224B0E2500999F5F /* FindEmotion.swift */ = {isa = PBXFileReference; lastKnownFileType = sourcecode.swift; path = FindEmotion.swift; sourceTree = "<group>"; };
		1BFA063E224B0EDF00999F5F /* EmotionViewCell.swift */ = {isa = PBXFileReference; lastKnownFileType = sourcecode.swift; path = EmotionViewCell.swift; sourceTree = "<group>"; };
		3B482542EEDEE65EBF8433D5 /* Pods-WeiBoSwift.release.xcconfig */ = {isa = PBXFileReference; includeInIndex = 1; lastKnownFileType = text.xcconfig; name = "Pods-WeiBoSwift.release.xcconfig"; path = "Target Support Files/Pods-WeiBoSwift/Pods-WeiBoSwift.release.xcconfig"; sourceTree = "<group>"; };
		566693D0D2DE9119FD8E6BBC /* Pods_WeiBoSwift.framework */ = {isa = PBXFileReference; explicitFileType = wrapper.framework; includeInIndex = 0; path = Pods_WeiBoSwift.framework; sourceTree = BUILT_PRODUCTS_DIR; };
		799B453367CE74FC1A4E408E /* Pods-WeiBoSwift.debug.xcconfig */ = {isa = PBXFileReference; includeInIndex = 1; lastKnownFileType = text.xcconfig; name = "Pods-WeiBoSwift.debug.xcconfig"; path = "Target Support Files/Pods-WeiBoSwift/Pods-WeiBoSwift.debug.xcconfig"; sourceTree = "<group>"; };
/* End PBXFileReference section */

/* Begin PBXFrameworksBuildPhase section */
		1B5C8C84222EAAB60042F017 /* Frameworks */ = {
			isa = PBXFrameworksBuildPhase;
			buildActionMask = 2147483647;
			files = (
				05CF944F4D5D90A48FF1FB4F /* Pods_WeiBoSwift.framework in Frameworks */,
			);
			runOnlyForDeploymentPostprocessing = 0;
		};
/* End PBXFrameworksBuildPhase section */

/* Begin PBXGroup section */
		069544DA625C0918623711FD /* Frameworks */ = {
			isa = PBXGroup;
			children = (
				566693D0D2DE9119FD8E6BBC /* Pods_WeiBoSwift.framework */,
			);
			name = Frameworks;
			sourceTree = "<group>";
		};
		1B067D2E224E0A5500C9F764 /* HttpTool */ = {
			isa = PBXGroup;
			children = (
				1B18D08D2241E2CF002F56F6 /* NetworkTools.swift */,
				1B067D2F224E0A7B00C9F764 /* HttpTools.swift */,
			);
			path = HttpTool;
			sourceTree = "<group>";
		};
		1B438A07224885E4006B1F75 /* PhotoBrowser */ = {
			isa = PBXGroup;
			children = (
				1B438A08224886FE006B1F75 /* PhotoBrowserController.swift */,
				1B438A0A2248A388006B1F75 /* PhotoBrowserViewCell.swift */,
				1B438A0C2248A616006B1F75 /* ProgressView.swift */,
				1B9407842248ADB3009515CD /* PhotoBrowserAnimator.swift */,
			);
			path = PhotoBrowser;
			sourceTree = "<group>";
		};
		1B5C8C7E222EAAB50042F017 = {
			isa = PBXGroup;
			children = (
				1B5C8C89222EAAB60042F017 /* WeiBoSwift */,
				1B5C8C88222EAAB60042F017 /* Products */,
				CFB3EB0E300FF606F10CCA71 /* Pods */,
				069544DA625C0918623711FD /* Frameworks */,
			);
			sourceTree = "<group>";
		};
		1B5C8C88222EAAB60042F017 /* Products */ = {
			isa = PBXGroup;
			children = (
				1B5C8C87222EAAB60042F017 /* WeiBoSwift.app */,
			);
			name = Products;
			sourceTree = "<group>";
		};
		1B5C8C89222EAAB60042F017 /* WeiBoSwift */ = {
			isa = PBXGroup;
			children = (
				1B6811A3224CC11900E168A0 /* Compose */,
				1B93844D223349E5000FDA4F /* Tools */,
				1B5C8CA2222EC20C0042F017 /* Profile */,
				1B5C8CA1222EC1FC0042F017 /* Discorver */,
				1B5C8CA0222EC1F10042F017 /* Message */,
				1B5C8C9F222EC1E70042F017 /* Home */,
				1B5C8C9C222EC15A0042F017 /* Main */,
				1B5C8C8A222EAAB60042F017 /* AppDelegate.swift */,
				1B5C8C91222EAAB70042F017 /* Assets.xcassets */,
				1B5C8C93222EAAB70042F017 /* LaunchScreen.storyboard */,
				1B5C8C96222EAAB70042F017 /* Info.plist */,
			);
			path = WeiBoSwift;
			sourceTree = "<group>";
		};
		1B5C8C9C222EC15A0042F017 /* Main */ = {
			isa = PBXGroup;
			children = (
				1BF49DFA224357C7009C22FA /* Welcome */,
				1BF49DF122432A76009C22FA /* OAuth */,
				1B93844722333D5A000FDA4F /* BaseController.swift */,
				1B93844622333D42000FDA4F /* Visitor */,
				1B5C8C8E222EAAB60042F017 /* Main.storyboard */,
				1B9DF6F022324DAB00CF0C28 /* Null.storyboard */,
				1B5C8C9D222EC1980042F017 /* MainTabBarController.swift */,
			);
			path = Main;
			sourceTree = "<group>";
		};
		1B5C8C9F222EC1E70042F017 /* Home */ = {
			isa = PBXGroup;
			children = (
				1B438A07224885E4006B1F75 /* PhotoBrowser */,
				1BF49DE3224233E6009C22FA /* Model */,
				1B92CDB0223562CB005B438F /* UIPopover */,
				1BA51371223093DE00636A70 /* Home.storyboard */,
				1B5C8CA3222EC2DE0042F017 /* HomeController.swift */,
				1BF49DFF22437B9D009C22FA /* HomeViewCell.swift */,
				1B18D08F22422D30002F56F6 /* PicCollectionView.swift */,
			);
			path = Home;
			sourceTree = "<group>";
		};
		1B5C8CA0222EC1F10042F017 /* Message */ = {
			isa = PBXGroup;
			children = (
				1B5C8CA5222EC42B0042F017 /* MessageController.swift */,
				1B1BFBC022301E4D0074C61E /* Message.storyboard */,
			);
			path = Message;
			sourceTree = "<group>";
		};
		1B5C8CA1222EC1FC0042F017 /* Discorver */ = {
			isa = PBXGroup;
			children = (
				1B5C8CA7222EC4370042F017 /* DiscorverController.swift */,
				1B1BFBC322301E620074C61E /* Discover.storyboard */,
			);
			path = Discorver;
			sourceTree = "<group>";
		};
		1B5C8CA2222EC20C0042F017 /* Profile */ = {
			isa = PBXGroup;
			children = (
				1B1BFBC522301E780074C61E /* Profile.storyboard */,
				1B5C8CA9222EC4420042F017 /* ProfileController.swift */,
			);
			path = Profile;
			sourceTree = "<group>";
		};
		1B6811A3224CC11900E168A0 /* Compose */ = {
			isa = PBXGroup;
			children = (
				1B6811A4224CC12900E168A0 /* PicPicker */,
				1B15E8D7224DEB8600EBE6A7 /* ComposeTitleView.swift */,
				1B15E8D9224DED6900EBE6A7 /* ComposeTextView.swift */,
				1B15E8DB224DEEB800EBE6A7 /* ComposeController.swift */,
				1B15E8DC224DEEB800EBE6A7 /* ComposeController.xib */,
			);
			path = Compose;
			sourceTree = "<group>";
		};
		1B6811A4224CC12900E168A0 /* PicPicker */ = {
			isa = PBXGroup;
			children = (
				1B6811A5224CC16300E168A0 /* PicPickerCell.swift */,
				1B6811A6224CC16300E168A0 /* PicPickerCell.xib */,
				1B15E8D5224DE8D300EBE6A7 /* PicPickerView.swift */,
			);
			path = PicPicker;
			sourceTree = "<group>";
		};
		1B7476952243B1C7008C78AC /* RegexLabel */ = {
			isa = PBXGroup;
			children = (
				1B7476962243B1E8008C78AC /* RELabel.swift */,
			);
			path = RegexLabel;
			sourceTree = "<group>";
		};
		1B92CDB0223562CB005B438F /* UIPopover */ = {
			isa = PBXGroup;
			children = (
				1B92CDB1223562F0005B438F /* PopoverController.swift */,
				1B92CDB2223562F0005B438F /* PopoverController.xib */,
				1B92CDB52235F666005B438F /* MyPresentationController.swift */,
				1B92CDB922376595005B438F /* PopoverAnimator.swift */,
			);
			path = UIPopover;
			sourceTree = "<group>";
		};
		1B93844622333D42000FDA4F /* Visitor */ = {
			isa = PBXGroup;
			children = (
				1B93844922334001000FDA4F /* VisitorView.swift */,
				1B93844B2233400C000FDA4F /* VisitorView.xib */,
			);
			path = Visitor;
			sourceTree = "<group>";
		};
		1B93844D223349E5000FDA4F /* Tools */ = {
			isa = PBXGroup;
			children = (
				1B067D2E224E0A5500C9F764 /* HttpTool */,
				1BFA062C224A22AF00999F5F /* Emotion */,
				1B7476952243B1C7008C78AC /* RegexLabel */,
				1BF49DEE224269A6009C22FA /* Public */,
				1B92CDAE22356050005B438F /* TitleButton.swift */,
				1B93844E223349FC000FDA4F /* Category */,
				1B18D08B2241E266002F56F6 /* Common.swift */,
			);
			path = Tools;
			sourceTree = "<group>";
		};
		1B93844E223349FC000FDA4F /* Category */ = {
			isa = PBXGroup;
			children = (
				1B93844F22334A32000FDA4F /* UIButton-Extension.swift */,
				1B92CDAC22355F68005B438F /* UIBarButtonItem-Extension.swift */,
				1BF49DEC22423907009C22FA /* Date-Extension.swift */,
			);
			path = Category;
			sourceTree = "<group>";
		};
		1BF49DE3224233E6009C22FA /* Model */ = {
			isa = PBXGroup;
			children = (
				1BF49DE42242340F009C22FA /* Status.swift */,
				1BF49DE62242345A009C22FA /* User.swift */,
				1BF49DE8224235D7009C22FA /* StatusViewModel.swift */,
			);
			path = Model;
			sourceTree = "<group>";
		};
		1BF49DEE224269A6009C22FA /* Public */ = {
			isa = PBXGroup;
			children = (
				1BF49DEF224269B8009C22FA /* URL.swift */,
			);
			path = Public;
			sourceTree = "<group>";
		};
		1BF49DF122432A76009C22FA /* OAuth */ = {
			isa = PBXGroup;
			children = (
				1BF49DF222432A90009C22FA /* UserAccountViewModel.swift */,
				1BF49DF422432D4E009C22FA /* UserAccount.swift */,
				1BF49DF622432D58009C22FA /* OAuthViewController.swift */,
				1BF49DF722432D58009C22FA /* OAuthViewController.xib */,
			);
			path = OAuth;
			sourceTree = "<group>";
		};
		1BF49DFA224357C7009C22FA /* Welcome */ = {
			isa = PBXGroup;
			children = (
				1BF49DFB224357E5009C22FA /* WelcomeController.swift */,
				1BF49DFC224357E5009C22FA /* WelcomeController.xib */,
			);
			path = Welcome;
			sourceTree = "<group>";
		};
		1BFA062C224A22AF00999F5F /* Emotion */ = {
			isa = PBXGroup;
			children = (
				1BFA0638224B059700999F5F /* Emoticons.bundle */,
				1BFA0631224A261500999F5F /* Model */,
				1BFA063E224B0EDF00999F5F /* EmotionViewCell.swift */,
				1BFA062D224A22D400999F5F /* EmotionAttachment.swift */,
				1BFA062F224A234500999F5F /* EmotionController.swift */,
				1BFA063A224B07BB00999F5F /* UITextView+Extension.swift */,
				1BFA063C224B0E2500999F5F /* FindEmotion.swift */,
			);
			path = Emotion;
			sourceTree = "<group>";
		};
		1BFA0631224A261500999F5F /* Model */ = {
			isa = PBXGroup;
			children = (
				1BFA0632224A262800999F5F /* Emotion.swift */,
				1BFA0634224B029000999F5F /* EmotionManager.swift */,
				1BFA0636224B02CC00999F5F /* EmotionPackage.swift */,
			);
			path = Model;
			sourceTree = "<group>";
		};
		CFB3EB0E300FF606F10CCA71 /* Pods */ = {
			isa = PBXGroup;
			children = (
				799B453367CE74FC1A4E408E /* Pods-WeiBoSwift.debug.xcconfig */,
				3B482542EEDEE65EBF8433D5 /* Pods-WeiBoSwift.release.xcconfig */,
			);
			path = Pods;
			sourceTree = "<group>";
		};
/* End PBXGroup section */

/* Begin PBXNativeTarget section */
		1B5C8C86222EAAB60042F017 /* WeiBoSwift */ = {
			isa = PBXNativeTarget;
			buildConfigurationList = 1B5C8C99222EAAB70042F017 /* Build configuration list for PBXNativeTarget "WeiBoSwift" */;
			buildPhases = (
				A10744E4977D97B1FE41F9EA /* [CP] Check Pods Manifest.lock */,
				1B5C8C83222EAAB60042F017 /* Sources */,
				1B5C8C84222EAAB60042F017 /* Frameworks */,
				1B5C8C85222EAAB60042F017 /* Resources */,
				701F2974C4E91ADA9386DB24 /* [CP] Embed Pods Frameworks */,
			);
			buildRules = (
			);
			dependencies = (
			);
			name = WeiBoSwift;
			productName = WeiBoSwift;
			productReference = 1B5C8C87222EAAB60042F017 /* WeiBoSwift.app */;
			productType = "com.apple.product-type.application";
		};
/* End PBXNativeTarget section */

/* Begin PBXProject section */
		1B5C8C7F222EAAB50042F017 /* Project object */ = {
			isa = PBXProject;
			attributes = {
				LastSwiftUpdateCheck = 1010;
				LastUpgradeCheck = 1010;
				ORGANIZATIONNAME = Wu;
				TargetAttributes = {
					1B5C8C86222EAAB60042F017 = {
						CreatedOnToolsVersion = 10.1;
					};
				};
			};
			buildConfigurationList = 1B5C8C82222EAAB50042F017 /* Build configuration list for PBXProject "WeiBoSwift" */;
			compatibilityVersion = "Xcode 9.3";
			developmentRegion = en;
			hasScannedForEncodings = 0;
			knownRegions = (
				en,
				Base,
			);
			mainGroup = 1B5C8C7E222EAAB50042F017;
			productRefGroup = 1B5C8C88222EAAB60042F017 /* Products */;
			projectDirPath = "";
			projectRoot = "";
			targets = (
				1B5C8C86222EAAB60042F017 /* WeiBoSwift */,
			);
		};
/* End PBXProject section */

/* Begin PBXResourcesBuildPhase section */
		1B5C8C85222EAAB60042F017 /* Resources */ = {
			isa = PBXResourcesBuildPhase;
			buildActionMask = 2147483647;
			files = (
				1BA51373223093DE00636A70 /* Home.storyboard in Resources */,
				1B92CDB4223562F0005B438F /* PopoverController.xib in Resources */,
				1BF49DFE224357E5009C22FA /* WelcomeController.xib in Resources */,
				1B9DF6F122324DAB00CF0C28 /* Null.storyboard in Resources */,
				1B5C8C95222EAAB70042F017 /* LaunchScreen.storyboard in Resources */,
				1B5C8C92222EAAB70042F017 /* Assets.xcassets in Resources */,
				1B1BFBC222301E4D0074C61E /* Message.storyboard in Resources */,
				1B15E8DE224DEEB800EBE6A7 /* ComposeController.xib in Resources */,
				1BF49DF922432D59009C22FA /* OAuthViewController.xib in Resources */,
				1B6811A8224CC16300E168A0 /* PicPickerCell.xib in Resources */,
				1B5C8C90222EAAB60042F017 /* Main.storyboard in Resources */,
				1BFA0639224B059800999F5F /* Emoticons.bundle in Resources */,
				1B1BFBC722301E780074C61E /* Profile.storyboard in Resources */,
				1B1BFBC422301E620074C61E /* Discover.storyboard in Resources */,
				1B93844C2233400C000FDA4F /* VisitorView.xib in Resources */,
			);
			runOnlyForDeploymentPostprocessing = 0;
		};
/* End PBXResourcesBuildPhase section */

/* Begin PBXShellScriptBuildPhase section */
		701F2974C4E91ADA9386DB24 /* [CP] Embed Pods Frameworks */ = {
			isa = PBXShellScriptBuildPhase;
			buildActionMask = 2147483647;
			files = (
			);
			inputFileListPaths = (
			);
			inputPaths = (
				"${PODS_ROOT}/Target Support Files/Pods-WeiBoSwift/Pods-WeiBoSwift-frameworks.sh",
				"${BUILT_PRODUCTS_DIR}/AFNetworking/AFNetworking.framework",
				"${BUILT_PRODUCTS_DIR}/Alamofire/Alamofire.framework",
				"${BUILT_PRODUCTS_DIR}/FMDB/FMDB.framework",
				"${BUILT_PRODUCTS_DIR}/Kingfisher/Kingfisher.framework",
				"${BUILT_PRODUCTS_DIR}/MJRefresh/MJRefresh.framework",
				"${BUILT_PRODUCTS_DIR}/SDWebImage/SDWebImage.framework",
				"${BUILT_PRODUCTS_DIR}/SVProgressHUD/SVProgressHUD.framework",
				"${BUILT_PRODUCTS_DIR}/SnapKit/SnapKit.framework",
				"${BUILT_PRODUCTS_DIR}/SwiftyJSON/SwiftyJSON.framework",
				"${BUILT_PRODUCTS_DIR}/pop/pop.framework",
			);
			name = "[CP] Embed Pods Frameworks";
			outputFileListPaths = (
			);
			outputPaths = (
				"${TARGET_BUILD_DIR}/${FRAMEWORKS_FOLDER_PATH}/AFNetworking.framework",
				"${TARGET_BUILD_DIR}/${FRAMEWORKS_FOLDER_PATH}/Alamofire.framework",
				"${TARGET_BUILD_DIR}/${FRAMEWORKS_FOLDER_PATH}/FMDB.framework",
				"${TARGET_BUILD_DIR}/${FRAMEWORKS_FOLDER_PATH}/Kingfisher.framework",
				"${TARGET_BUILD_DIR}/${FRAMEWORKS_FOLDER_PATH}/MJRefresh.framework",
				"${TARGET_BUILD_DIR}/${FRAMEWORKS_FOLDER_PATH}/SDWebImage.framework",
				"${TARGET_BUILD_DIR}/${FRAMEWORKS_FOLDER_PATH}/SVProgressHUD.framework",
				"${TARGET_BUILD_DIR}/${FRAMEWORKS_FOLDER_PATH}/SnapKit.framework",
				"${TARGET_BUILD_DIR}/${FRAMEWORKS_FOLDER_PATH}/SwiftyJSON.framework",
				"${TARGET_BUILD_DIR}/${FRAMEWORKS_FOLDER_PATH}/pop.framework",
			);
			runOnlyForDeploymentPostprocessing = 0;
			shellPath = /bin/sh;
			shellScript = "\"${PODS_ROOT}/Target Support Files/Pods-WeiBoSwift/Pods-WeiBoSwift-frameworks.sh\"\n";
			showEnvVarsInLog = 0;
		};
		A10744E4977D97B1FE41F9EA /* [CP] Check Pods Manifest.lock */ = {
			isa = PBXShellScriptBuildPhase;
			buildActionMask = 2147483647;
			files = (
			);
			inputFileListPaths = (
			);
			inputPaths = (
				"${PODS_PODFILE_DIR_PATH}/Podfile.lock",
				"${PODS_ROOT}/Manifest.lock",
			);
			name = "[CP] Check Pods Manifest.lock";
			outputFileListPaths = (
			);
			outputPaths = (
				"$(DERIVED_FILE_DIR)/Pods-WeiBoSwift-checkManifestLockResult.txt",
			);
			runOnlyForDeploymentPostprocessing = 0;
			shellPath = /bin/sh;
			shellScript = "diff \"${PODS_PODFILE_DIR_PATH}/Podfile.lock\" \"${PODS_ROOT}/Manifest.lock\" > /dev/null\nif [ $? != 0 ] ; then\n    # print error to STDERR\n    echo \"error: The sandbox is not in sync with the Podfile.lock. Run 'pod install' or update your CocoaPods installation.\" >&2\n    exit 1\nfi\n# This output is used by Xcode 'outputs' to avoid re-running this script phase.\necho \"SUCCESS\" > \"${SCRIPT_OUTPUT_FILE_0}\"\n";
			showEnvVarsInLog = 0;
		};
/* End PBXShellScriptBuildPhase section */

/* Begin PBXSourcesBuildPhase section */
		1B5C8C83222EAAB60042F017 /* Sources */ = {
			isa = PBXSourcesBuildPhase;
			buildActionMask = 2147483647;
			files = (
				1B18D09022422D30002F56F6 /* PicCollectionView.swift in Sources */,
				1BFA0637224B02CC00999F5F /* EmotionPackage.swift in Sources */,
				1B92CDAD22355F68005B438F /* UIBarButtonItem-Extension.swift in Sources */,
				1B92CDB3223562F0005B438F /* PopoverController.swift in Sources */,
				1B15E8D8224DEB8600EBE6A7 /* ComposeTitleView.swift in Sources */,
				1B15E8DD224DEEB800EBE6A7 /* ComposeController.swift in Sources */,
				1BF49DF0224269B8009C22FA /* URL.swift in Sources */,
				1B5C8CAA222EC4420042F017 /* ProfileController.swift in Sources */,
				1B93845022334A32000FDA4F /* UIButton-Extension.swift in Sources */,
				1BFA0633224A262900999F5F /* Emotion.swift in Sources */,
				1BFA062E224A22D400999F5F /* EmotionAttachment.swift in Sources */,
				1B438A0B2248A388006B1F75 /* PhotoBrowserViewCell.swift in Sources */,
				1B438A0D2248A616006B1F75 /* ProgressView.swift in Sources */,
				1BF49DE52242340F009C22FA /* Status.swift in Sources */,
				1B5C8CA4222EC2DE0042F017 /* HomeController.swift in Sources */,
				1B438A09224886FE006B1F75 /* PhotoBrowserController.swift in Sources */,
				1BF49E0022437B9D009C22FA /* HomeViewCell.swift in Sources */,
				1B15E8D6224DE8D300EBE6A7 /* PicPickerView.swift in Sources */,
				1BF49DF522432D4E009C22FA /* UserAccount.swift in Sources */,
				1B15E8DA224DED6900EBE6A7 /* ComposeTextView.swift in Sources */,
				1B92CDAF22356050005B438F /* TitleButton.swift in Sources */,
				1B6811A7224CC16300E168A0 /* PicPickerCell.swift in Sources */,
				1B93844822333D5A000FDA4F /* BaseController.swift in Sources */,
				1BFA0635224B029000999F5F /* EmotionManager.swift in Sources */,
				1B5C8CA6222EC42B0042F017 /* MessageController.swift in Sources */,
				1B18D08E2241E2CF002F56F6 /* NetworkTools.swift in Sources */,
				1B92CDBA22376595005B438F /* PopoverAnimator.swift in Sources */,
				1BFA063F224B0EDF00999F5F /* EmotionViewCell.swift in Sources */,
				1BF49DF822432D59009C22FA /* OAuthViewController.swift in Sources */,
				1B067D30224E0A7B00C9F764 /* HttpTools.swift in Sources */,
				1B5C8CA8222EC4370042F017 /* DiscorverController.swift in Sources */,
				1B5C8C8B222EAAB60042F017 /* AppDelegate.swift in Sources */,
				1BFA063B224B07BB00999F5F /* UITextView+Extension.swift in Sources */,
				1BF49DED22423907009C22FA /* Date-Extension.swift in Sources */,
				1B5C8C9E222EC1980042F017 /* MainTabBarController.swift in Sources */,
				1BFA063D224B0E2500999F5F /* FindEmotion.swift in Sources */,
				1B93844A22334001000FDA4F /* VisitorView.swift in Sources */,
				1BFA0630224A234500999F5F /* EmotionController.swift in Sources */,
				1BF49DE9224235D7009C22FA /* StatusViewModel.swift in Sources */,
				1BF49DF322432A90009C22FA /* UserAccountViewModel.swift in Sources */,
				1B7476972243B1E8008C78AC /* RELabel.swift in Sources */,
				1BF49DFD224357E5009C22FA /* WelcomeController.swift in Sources */,
				1B18D08C2241E266002F56F6 /* Common.swift in Sources */,
				1B92CDB62235F666005B438F /* MyPresentationController.swift in Sources */,
				1B9407852248ADB3009515CD /* PhotoBrowserAnimator.swift in Sources */,
				1BF49DE72242345A009C22FA /* User.swift in Sources */,
			);
			runOnlyForDeploymentPostprocessing = 0;
		};
/* End PBXSourcesBuildPhase section */

/* Begin PBXVariantGroup section */
		1B1BFBC022301E4D0074C61E /* Message.storyboard */ = {
			isa = PBXVariantGroup;
			children = (
				1B1BFBC122301E4D0074C61E /* Base */,
			);
			name = Message.storyboard;
			sourceTree = "<group>";
		};
		1B1BFBC522301E780074C61E /* Profile.storyboard */ = {
			isa = PBXVariantGroup;
			children = (
				1B1BFBC622301E780074C61E /* Base */,
			);
			name = Profile.storyboard;
			sourceTree = "<group>";
		};
		1B5C8C8E222EAAB60042F017 /* Main.storyboard */ = {
			isa = PBXVariantGroup;
			children = (
				1B5C8C8F222EAAB60042F017 /* Base */,
			);
			name = Main.storyboard;
			sourceTree = "<group>";
		};
		1B5C8C93222EAAB70042F017 /* LaunchScreen.storyboard */ = {
			isa = PBXVariantGroup;
			children = (
				1B5C8C94222EAAB70042F017 /* Base */,
			);
			name = LaunchScreen.storyboard;
			sourceTree = "<group>";
		};
		1BA51371223093DE00636A70 /* Home.storyboard */ = {
			isa = PBXVariantGroup;
			children = (
				1BA51372223093DE00636A70 /* Base */,
			);
			name = Home.storyboard;
			sourceTree = "<group>";
		};
/* End PBXVariantGroup section */

/* Begin XCBuildConfiguration section */
		1B5C8C97222EAAB70042F017 /* Debug */ = {
			isa = XCBuildConfiguration;
			buildSettings = {
				ALWAYS_SEARCH_USER_PATHS = NO;
				CLANG_ANALYZER_NONNULL = YES;
				CLANG_ANALYZER_NUMBER_OBJECT_CONVERSION = YES_AGGRESSIVE;
				CLANG_CXX_LANGUAGE_STANDARD = "gnu++14";
				CLANG_CXX_LIBRARY = "libc++";
				CLANG_ENABLE_MODULES = YES;
				CLANG_ENABLE_OBJC_ARC = YES;
				CLANG_ENABLE_OBJC_WEAK = YES;
				CLANG_WARN_BLOCK_CAPTURE_AUTORELEASING = YES;
				CLANG_WARN_BOOL_CONVERSION = YES;
				CLANG_WARN_COMMA = YES;
				CLANG_WARN_CONSTANT_CONVERSION = YES;
				CLANG_WARN_DEPRECATED_OBJC_IMPLEMENTATIONS = YES;
				CLANG_WARN_DIRECT_OBJC_ISA_USAGE = YES_ERROR;
				CLANG_WARN_DOCUMENTATION_COMMENTS = YES;
				CLANG_WARN_EMPTY_BODY = YES;
				CLANG_WARN_ENUM_CONVERSION = YES;
				CLANG_WARN_INFINITE_RECURSION = YES;
				CLANG_WARN_INT_CONVERSION = YES;
				CLANG_WARN_NON_LITERAL_NULL_CONVERSION = YES;
				CLANG_WARN_OBJC_IMPLICIT_RETAIN_SELF = YES;
				CLANG_WARN_OBJC_LITERAL_CONVERSION = YES;
				CLANG_WARN_OBJC_ROOT_CLASS = YES_ERROR;
				CLANG_WARN_RANGE_LOOP_ANALYSIS = YES;
				CLANG_WARN_STRICT_PROTOTYPES = YES;
				CLANG_WARN_SUSPICIOUS_MOVE = YES;
				CLANG_WARN_UNGUARDED_AVAILABILITY = YES_AGGRESSIVE;
				CLANG_WARN_UNREACHABLE_CODE = YES;
				CLANG_WARN__DUPLICATE_METHOD_MATCH = YES;
				CODE_SIGN_IDENTITY = "iPhone Developer";
				COPY_PHASE_STRIP = NO;
				DEBUG_INFORMATION_FORMAT = dwarf;
				ENABLE_STRICT_OBJC_MSGSEND = YES;
				ENABLE_TESTABILITY = YES;
				GCC_C_LANGUAGE_STANDARD = gnu11;
				GCC_DYNAMIC_NO_PIC = NO;
				GCC_NO_COMMON_BLOCKS = YES;
				GCC_OPTIMIZATION_LEVEL = 0;
				GCC_PREPROCESSOR_DEFINITIONS = (
					"DEBUG=1",
					"$(inherited)",
				);
				GCC_WARN_64_TO_32_BIT_CONVERSION = YES;
				GCC_WARN_ABOUT_RETURN_TYPE = YES_ERROR;
				GCC_WARN_UNDECLARED_SELECTOR = YES;
				GCC_WARN_UNINITIALIZED_AUTOS = YES_AGGRESSIVE;
				GCC_WARN_UNUSED_FUNCTION = YES;
				GCC_WARN_UNUSED_VARIABLE = YES;
				IPHONEOS_DEPLOYMENT_TARGET = 9.0;
				MTL_ENABLE_DEBUG_INFO = INCLUDE_SOURCE;
				MTL_FAST_MATH = YES;
				ONLY_ACTIVE_ARCH = YES;
				SDKROOT = iphoneos;
				SWIFT_ACTIVE_COMPILATION_CONDITIONS = DEBUG;
				SWIFT_OPTIMIZATION_LEVEL = "-Onone";
			};
			name = Debug;
		};
		1B5C8C98222EAAB70042F017 /* Release */ = {
			isa = XCBuildConfiguration;
			buildSettings = {
				ALWAYS_SEARCH_USER_PATHS = NO;
				CLANG_ANALYZER_NONNULL = YES;
				CLANG_ANALYZER_NUMBER_OBJECT_CONVERSION = YES_AGGRESSIVE;
				CLANG_CXX_LANGUAGE_STANDARD = "gnu++14";
				CLANG_CXX_LIBRARY = "libc++";
				CLANG_ENABLE_MODULES = YES;
				CLANG_ENABLE_OBJC_ARC = YES;
				CLANG_ENABLE_OBJC_WEAK = YES;
				CLANG_WARN_BLOCK_CAPTURE_AUTORELEASING = YES;
				CLANG_WARN_BOOL_CONVERSION = YES;
				CLANG_WARN_COMMA = YES;
				CLANG_WARN_CONSTANT_CONVERSION = YES;
				CLANG_WARN_DEPRECATED_OBJC_IMPLEMENTATIONS = YES;
				CLANG_WARN_DIRECT_OBJC_ISA_USAGE = YES_ERROR;
				CLANG_WARN_DOCUMENTATION_COMMENTS = YES;
				CLANG_WARN_EMPTY_BODY = YES;
				CLANG_WARN_ENUM_CONVERSION = YES;
				CLANG_WARN_INFINITE_RECURSION = YES;
				CLANG_WARN_INT_CONVERSION = YES;
				CLANG_WARN_NON_LITERAL_NULL_CONVERSION = YES;
				CLANG_WARN_OBJC_IMPLICIT_RETAIN_SELF = YES;
				CLANG_WARN_OBJC_LITERAL_CONVERSION = YES;
				CLANG_WARN_OBJC_ROOT_CLASS = YES_ERROR;
				CLANG_WARN_RANGE_LOOP_ANALYSIS = YES;
				CLANG_WARN_STRICT_PROTOTYPES = YES;
				CLANG_WARN_SUSPICIOUS_MOVE = YES;
				CLANG_WARN_UNGUARDED_AVAILABILITY = YES_AGGRESSIVE;
				CLANG_WARN_UNREACHABLE_CODE = YES;
				CLANG_WARN__DUPLICATE_METHOD_MATCH = YES;
				CODE_SIGN_IDENTITY = "iPhone Developer";
				COPY_PHASE_STRIP = NO;
				DEBUG_INFORMATION_FORMAT = "dwarf-with-dsym";
				ENABLE_NS_ASSERTIONS = NO;
				ENABLE_STRICT_OBJC_MSGSEND = YES;
				GCC_C_LANGUAGE_STANDARD = gnu11;
				GCC_NO_COMMON_BLOCKS = YES;
				GCC_WARN_64_TO_32_BIT_CONVERSION = YES;
				GCC_WARN_ABOUT_RETURN_TYPE = YES_ERROR;
				GCC_WARN_UNDECLARED_SELECTOR = YES;
				GCC_WARN_UNINITIALIZED_AUTOS = YES_AGGRESSIVE;
				GCC_WARN_UNUSED_FUNCTION = YES;
				GCC_WARN_UNUSED_VARIABLE = YES;
				IPHONEOS_DEPLOYMENT_TARGET = 9.0;
				MTL_ENABLE_DEBUG_INFO = NO;
				MTL_FAST_MATH = YES;
				SDKROOT = iphoneos;
				SWIFT_COMPILATION_MODE = wholemodule;
				SWIFT_OPTIMIZATION_LEVEL = "-O";
				VALIDATE_PRODUCT = YES;
			};
			name = Release;
		};
		1B5C8C9A222EAAB70042F017 /* Debug */ = {
			isa = XCBuildConfiguration;
			baseConfigurationReference = 799B453367CE74FC1A4E408E /* Pods-WeiBoSwift.debug.xcconfig */;
			buildSettings = {
				ASSETCATALOG_COMPILER_APPICON_NAME = AppIcon;
				ASSETCATALOG_COMPILER_LAUNCHIMAGE_NAME = LaunchImage;
				CODE_SIGN_STYLE = Automatic;
				DEVELOPMENT_TEAM = 3MBF9B5ZRL;
				INFOPLIST_FILE = WeiBoSwift/Info.plist;
				LD_RUNPATH_SEARCH_PATHS = (
					"$(inherited)",
					"@executable_path/Frameworks",
				);
				PRODUCT_BUNDLE_IDENTIFIER = com.it.leisure.WeiBoSwift;
				PRODUCT_NAME = "$(TARGET_NAME)";
				SWIFT_VERSION = 3.0;
				TARGETED_DEVICE_FAMILY = "1,2";
			};
			name = Debug;
		};
		1B5C8C9B222EAAB70042F017 /* Release */ = {
			isa = XCBuildConfiguration;
			baseConfigurationReference = 3B482542EEDEE65EBF8433D5 /* Pods-WeiBoSwift.release.xcconfig */;
			buildSettings = {
				ASSETCATALOG_COMPILER_APPICON_NAME = AppIcon;
				ASSETCATALOG_COMPILER_LAUNCHIMAGE_NAME = LaunchImage;
				CODE_SIGN_STYLE = Automatic;
				DEVELOPMENT_TEAM = 3MBF9B5ZRL;
				INFOPLIST_FILE = WeiBoSwift/Info.plist;
				LD_RUNPATH_SEARCH_PATHS = (
					"$(inherited)",
					"@executable_path/Frameworks",
				);
				PRODUCT_BUNDLE_IDENTIFIER = com.it.leisure.WeiBoSwift;
				PRODUCT_NAME = "$(TARGET_NAME)";
				SWIFT_VERSION = 3.0;
				TARGETED_DEVICE_FAMILY = "1,2";
			};
			name = Release;
		};
/* End XCBuildConfiguration section */

/* Begin XCConfigurationList section */
		1B5C8C82222EAAB50042F017 /* Build configuration list for PBXProject "WeiBoSwift" */ = {
			isa = XCConfigurationList;
			buildConfigurations = (
				1B5C8C97222EAAB70042F017 /* Debug */,
				1B5C8C98222EAAB70042F017 /* Release */,
			);
			defaultConfigurationIsVisible = 0;
			defaultConfigurationName = Release;
		};
		1B5C8C99222EAAB70042F017 /* Build configuration list for PBXNativeTarget "WeiBoSwift" */ = {
			isa = XCConfigurationList;
			buildConfigurations = (
				1B5C8C9A222EAAB70042F017 /* Debug */,
				1B5C8C9B222EAAB70042F017 /* Release */,
			);
			defaultConfigurationIsVisible = 0;
			defaultConfigurationName = Release;
		};
/* End XCConfigurationList section */
	};
	rootObject = 1B5C8C7F222EAAB50042F017 /* Project object */;
}
